
Microsoft Visual Studio Solution File, Format Version 9.00
# Visual Studio 2005
Project("{E24C65DC-7377-472B-9ABA-BC803B73C61A}") = "C:\...\OA\", ".", "{5FB9ED1A-2170-40DB-976E-750ED5861DD7}"
	ProjectSection(WebsiteProperties) = preProject
		Debug.AspNetCompiler.VirtualPath = "/OA"
		Debug.AspNetCompiler.PhysicalPath = "..\..\..\..\Desktop\OA\"
		Debug.AspNetCompiler.TargetPath = "PrecompiledWeb\OA\"
		Debug.AspNetCompiler.Updateable = "true"
		Debug.AspNetCompiler.ForceOverwrite = "true"
		Debug.AspNetCompiler.FixedNames = "false"
		Debug.AspNetCompiler.Debug = "True"
		Release.AspNetCompiler.VirtualPath = "/OA"
		Release.AspNetCompiler.PhysicalPath = "..\..\..\..\Desktop\OA\"
		Release.AspNetCompiler.TargetPath = "PrecompiledWeb\OA\"
		Release.AspNetCompiler.Updateable = "true"
		Release.AspNetCompiler.ForceOverwrite = "true"
		Release.AspNetCompiler.FixedNames = "false"
		Release.AspNetCompiler.Debug = "False"
		VWDPort = "5649"
	EndProjectSection
EndProject
Global
	GlobalSection(SolutionConfigurationPlatforms) = preSolution
		Debug|.NET = Debug|.NET
	EndGlobalSection
	GlobalSection(ProjectConfigurationPlatforms) = postSolution
		{5FB9ED1A-2170-40DB-976E-750ED5861DD7}.Debug|.NET.ActiveCfg = Debug|.NET
		{5FB9ED1A-2170-40DB-976E-750ED5861DD7}.Debug|.NET.Build.0 = Debug|.NET
	EndGlobalSection
	GlobalSection(SolutionProperties) = preSolution
		HideSolutionNode = FALSE
	EndGlobalSection
EndGlobal
